// !$*UTF8*$!
{
	archiveVersion = 1;
	classes = {
	};
	objectVersion = 50;
	objects = {

/* Begin PBXBuildFile section */
		EA43E71E2504144B006732A6 /* AppDelegate.swift in Sources */ = {isa = PBXBuildFile; fileRef = EA43E71D2504144B006732A6 /* AppDelegate.swift */; };
		EA43E7202504144B006732A6 /* SceneDelegate.swift in Sources */ = {isa = PBXBuildFile; fileRef = EA43E71F2504144B006732A6 /* SceneDelegate.swift */; };
		EA43E7222504144B006732A6 /* ContentView.swift in Sources */ = {isa = PBXBuildFile; fileRef = EA43E7212504144B006732A6 /* ContentView.swift */; };
		EA43E7242504144E006732A6 /* Assets.xcassets in Resources */ = {isa = PBXBuildFile; fileRef = EA43E7232504144E006732A6 /* Assets.xcassets */; };
		EA43E7272504144E006732A6 /* Preview Assets.xcassets in Resources */ = {isa = PBXBuildFile; fileRef = EA43E7262504144E006732A6 /* Preview Assets.xcassets */; };
		EA43E72A2504144E006732A6 /* LaunchScreen.storyboard in Resources */ = {isa = PBXBuildFile; fileRef = EA43E7282504144E006732A6 /* LaunchScreen.storyboard */; };
		EA43E7352504144E006732A6 /* BlankieTests.swift in Sources */ = {isa = PBXBuildFile; fileRef = EA43E7342504144E006732A6 /* BlankieTests.swift */; };
		EA43E7402504144E006732A6 /* BlankieUITests.swift in Sources */ = {isa = PBXBuildFile; fileRef = EA43E73F2504144E006732A6 /* BlankieUITests.swift */; };
/* End PBXBuildFile section */

/* Begin PBXContainerItemProxy section */
		EA43E7312504144E006732A6 /* PBXContainerItemProxy */ = {
			isa = PBXContainerItemProxy;
			containerPortal = EA43E7122504144B006732A6 /* Project object */;
			proxyType = 1;
			remoteGlobalIDString = EA43E7192504144B006732A6;
			remoteInfo = Blankie;
		};
		EA43E73C2504144E006732A6 /* PBXContainerItemProxy */ = {
			isa = PBXContainerItemProxy;
			containerPortal = EA43E7122504144B006732A6 /* Project object */;
			proxyType = 1;
			remoteGlobalIDString = EA43E7192504144B006732A6;
			remoteInfo = Blankie;
		};
/* End PBXContainerItemProxy section */

/* Begin PBXFileReference section */
		EA43E71A2504144B006732A6 /* Blankie.app */ = {isa = PBXFileReference; explicitFileType = wrapper.application; includeInIndex = 0; path = Blankie.app; sourceTree = BUILT_PRODUCTS_DIR; };
		EA43E71D2504144B006732A6 /* AppDelegate.swift */ = {isa = PBXFileReference; lastKnownFileType = sourcecode.swift; path = AppDelegate.swift; sourceTree = "<group>"; };
		EA43E71F2504144B006732A6 /* SceneDelegate.swift */ = {isa = PBXFileReference; lastKnownFileType = sourcecode.swift; path = SceneDelegate.swift; sourceTree = "<group>"; };
		EA43E7212504144B006732A6 /* ContentView.swift */ = {isa = PBXFileReference; lastKnownFileType = sourcecode.swift; path = ContentView.swift; sourceTree = "<group>"; };
		EA43E7232504144E006732A6 /* Assets.xcassets */ = {isa = PBXFileReference; lastKnownFileType = folder.assetcatalog; path = Assets.xcassets; sourceTree = "<group>"; };
		EA43E7262504144E006732A6 /* Preview Assets.xcassets */ = {isa = PBXFileReference; lastKnownFileType = folder.assetcatalog; path = "Preview Assets.xcassets"; sourceTree = "<group>"; };
		EA43E7292504144E006732A6 /* Base */ = {isa = PBXFileReference; lastKnownFileType = file.storyboard; name = Base; path = Base.lproj/LaunchScreen.storyboard; sourceTree = "<group>"; };
		EA43E72B2504144E006732A6 /* Info.plist */ = {isa = PBXFileReference; lastKnownFileType = text.plist.xml; path = Info.plist; sourceTree = "<group>"; };
		EA43E7302504144E006732A6 /* BlankieTests.xctest */ = {isa = PBXFileReference; explicitFileType = wrapper.cfbundle; includeInIndex = 0; path = BlankieTests.xctest; sourceTree = BUILT_PRODUCTS_DIR; };
		EA43E7342504144E006732A6 /* BlankieTests.swift */ = {isa = PBXFileReference; lastKnownFileType = sourcecode.swift; path = BlankieTests.swift; sourceTree = "<group>"; };
		EA43E7362504144E006732A6 /* Info.plist */ = {isa = PBXFileReference; lastKnownFileType = text.plist.xml; path = Info.plist; sourceTree = "<group>"; };
		EA43E73B2504144E006732A6 /* BlankieUITests.xctest */ = {isa = PBXFileReference; explicitFileType = wrapper.cfbundle; includeInIndex = 0; path = BlankieUITests.xctest; sourceTree = BUILT_PRODUCTS_DIR; };
		EA43E73F2504144E006732A6 /* BlankieUITests.swift */ = {isa = PBXFileReference; lastKnownFileType = sourcecode.swift; path = BlankieUITests.swift; sourceTree = "<group>"; };
		EA43E7412504144E006732A6 /* Info.plist */ = {isa = PBXFileReference; lastKnownFileType = text.plist.xml; path = Info.plist; sourceTree = "<group>"; };
/* End PBXFileReference section */

/* Begin PBXFrameworksBuildPhase section */
		EA43E7172504144B006732A6 /* Frameworks */ = {
			isa = PBXFrameworksBuildPhase;
			buildActionMask = 2147483647;
			files = (
			);
			runOnlyForDeploymentPostprocessing = 0;
		};
		EA43E72D2504144E006732A6 /* Frameworks */ = {
			isa = PBXFrameworksBuildPhase;
			buildActionMask = 2147483647;
			files = (
			);
			runOnlyForDeploymentPostprocessing = 0;
		};
		EA43E7382504144E006732A6 /* Frameworks */ = {
			isa = PBXFrameworksBuildPhase;
			buildActionMask = 2147483647;
			files = (
			);
			runOnlyForDeploymentPostprocessing = 0;
		};
/* End PBXFrameworksBuildPhase section */

/* Begin PBXGroup section */
		EA43E7112504144B006732A6 = {
			isa = PBXGroup;
			children = (
				EA43E71C2504144B006732A6 /* Blankie */,
				EA43E7332504144E006732A6 /* BlankieTests */,
				EA43E73E2504144E006732A6 /* BlankieUITests */,
				EA43E71B2504144B006732A6 /* Products */,
			);
			sourceTree = "<group>";
		};
		EA43E71B2504144B006732A6 /* Products */ = {
			isa = PBXGroup;
			children = (
				EA43E71A2504144B006732A6 /* Blankie.app */,
				EA43E7302504144E006732A6 /* BlankieTests.xctest */,
				EA43E73B2504144E006732A6 /* BlankieUITests.xctest */,
			);
			name = Products;
			sourceTree = "<group>";
		};
		EA43E71C2504144B006732A6 /* Blankie */ = {
			isa = PBXGroup;
			children = (
				EA43E71D2504144B006732A6 /* AppDelegate.swift */,
				EA43E71F2504144B006732A6 /* SceneDelegate.swift */,
				EA43E7212504144B006732A6 /* ContentView.swift */,
				EA43E7232504144E006732A6 /* Assets.xcassets */,
				EA43E7282504144E006732A6 /* LaunchScreen.storyboard */,
				EA43E72B2504144E006732A6 /* Info.plist */,
				EA43E7252504144E006732A6 /* Preview Content */,
			);
			path = Blankie;
			sourceTree = "<group>";
		};
		EA43E7252504144E006732A6 /* Preview Content */ = {
			isa = PBXGroup;
			children = (
				EA43E7262504144E006732A6 /* Preview Assets.xcassets */,
			);
			path = "Preview Content";
			sourceTree = "<group>";
		};
		EA43E7332504144E006732A6 /* BlankieTests */ = {
			isa = PBXGroup;
			children = (
				EA43E7342504144E006732A6 /* BlankieTests.swift */,
				EA43E7362504144E006732A6 /* Info.plist */,
			);
			path = BlankieTests;
			sourceTree = "<group>";
		};
		EA43E73E2504144E006732A6 /* BlankieUITests */ = {
			isa = PBXGroup;
			children = (
				EA43E73F2504144E006732A6 /* BlankieUITests.swift */,
				EA43E7412504144E006732A6 /* Info.plist */,
			);
			path = BlankieUITests;
			sourceTree = "<group>";
		};
/* End PBXGroup section */

/* Begin PBXNativeTarget section */
		EA43E7192504144B006732A6 /* Blankie */ = {
			isa = PBXNativeTarget;
			buildConfigurationList = EA43E7442504144E006732A6 /* Build configuration list for PBXNativeTarget "Blankie" */;
			buildPhases = (
				EA43E7162504144B006732A6 /* Sources */,
				EA43E7172504144B006732A6 /* Frameworks */,
				EA43E7182504144B006732A6 /* Resources */,
			);
			buildRules = (
			);
			dependencies = (
			);
			name = Blankie;
			productName = Blankie;
			productReference = EA43E71A2504144B006732A6 /* Blankie.app */;
			productType = "com.apple.product-type.application";
		};
		EA43E72F2504144E006732A6 /* BlankieTests */ = {
			isa = PBXNativeTarget;
			buildConfigurationList = EA43E7472504144E006732A6 /* Build configuration list for PBXNativeTarget "BlankieTests" */;
			buildPhases = (
				EA43E72C2504144E006732A6 /* Sources */,
				EA43E72D2504144E006732A6 /* Frameworks */,
				EA43E72E2504144E006732A6 /* Resources */,
			);
			buildRules = (
			);
			dependencies = (
				EA43E7322504144E006732A6 /* PBXTargetDependency */,
			);
			name = BlankieTests;
			productName = BlankieTests;
			productReference = EA43E7302504144E006732A6 /* BlankieTests.xctest */;
			productType = "com.apple.product-type.bundle.unit-test";
		};
		EA43E73A2504144E006732A6 /* BlankieUITests */ = {
			isa = PBXNativeTarget;
			buildConfigurationList = EA43E74A2504144E006732A6 /* Build configuration list for PBXNativeTarget "BlankieUITests" */;
			buildPhases = (
				EA43E7372504144E006732A6 /* Sources */,
				EA43E7382504144E006732A6 /* Frameworks */,
				EA43E7392504144E006732A6 /* Resources */,
			);
			buildRules = (
			);
			dependencies = (
				EA43E73D2504144E006732A6 /* PBXTargetDependency */,
			);
			name = BlankieUITests;
			productName = BlankieUITests;
			productReference = EA43E73B2504144E006732A6 /* BlankieUITests.xctest */;
			productType = "com.apple.product-type.bundle.ui-testing";
		};
/* End PBXNativeTarget section */

/* Begin PBXProject section */
		EA43E7122504144B006732A6 /* Project object */ = {
			isa = PBXProject;
			attributes = {
				LastSwiftUpdateCheck = 1170;
				LastUpgradeCheck = 1170;
				ORGANIZATIONNAME = "Calin Ilie";
				TargetAttributes = {
					EA43E7192504144B006732A6 = {
						CreatedOnToolsVersion = 11.7;
					};
					EA43E72F2504144E006732A6 = {
						CreatedOnToolsVersion = 11.7;
						TestTargetID = EA43E7192504144B006732A6;
					};
					EA43E73A2504144E006732A6 = {
						CreatedOnToolsVersion = 11.7;
						TestTargetID = EA43E7192504144B006732A6;
					};
				};
			};
			buildConfigurationList = EA43E7152504144B006732A6 /* Build configuration list for PBXProject "Blankie" */;
			compatibilityVersion = "Xcode 9.3";
			developmentRegion = en;
			hasScannedForEncodings = 0;
			knownRegions = (
				en,
				Base,
			);
			mainGroup = EA43E7112504144B006732A6;
			productRefGroup = EA43E71B2504144B006732A6 /* Products */;
			projectDirPath = "";
			projectRoot = "";
			targets = (
				EA43E7192504144B006732A6 /* Blankie */,
				EA43E72F2504144E006732A6 /* BlankieTests */,
				EA43E73A2504144E006732A6 /* BlankieUITests */,
			);
		};
/* End PBXProject section */

/* Begin PBXResourcesBuildPhase section */
		EA43E7182504144B006732A6 /* Resources */ = {
			isa = PBXResourcesBuildPhase;
			buildActionMask = 2147483647;
			files = (
				EA43E72A2504144E006732A6 /* LaunchScreen.storyboard in Resources */,
				EA43E7272504144E006732A6 /* Preview Assets.xcassets in Resources */,
				EA43E7242504144E006732A6 /* Assets.xcassets in Resources */,
			);
			runOnlyForDeploymentPostprocessing = 0;
		};
		EA43E72E2504144E006732A6 /* Resources */ = {
			isa = PBXResourcesBuildPhase;
			buildActionMask = 2147483647;
			files = (
			);
			runOnlyForDeploymentPostprocessing = 0;
		};
		EA43E7392504144E006732A6 /* Resources */ = {
			isa = PBXResourcesBuildPhase;
			buildActionMask = 2147483647;
			files = (
			);
			runOnlyForDeploymentPostprocessing = 0;
		};
/* End PBXResourcesBuildPhase section */

/* Begin PBXSourcesBuildPhase section */
		EA43E7162504144B006732A6 /* Sources */ = {
			isa = PBXSourcesBuildPhase;
			buildActionMask = 2147483647;
			files = (
				EA43E71E2504144B006732A6 /* AppDelegate.swift in Sources */,
				EA43E7202504144B006732A6 /* SceneDelegate.swift in Sources */,
				EA43E7222504144B006732A6 /* ContentView.swift in Sources */,
			);
			runOnlyForDeploymentPostprocessing = 0;
		};
		EA43E72C2504144E006732A6 /* Sources */ = {
			isa = PBXSourcesBuildPhase;
			buildActionMask = 2147483647;
			files = (
				EA43E7352504144E006732A6 /* BlankieTests.swift in Sources */,
			);
			runOnlyForDeploymentPostprocessing = 0;
		};
		EA43E7372504144E006732A6 /* Sources */ = {
			isa = PBXSourcesBuildPhase;
			buildActionMask = 2147483647;
			files = (
				EA43E7402504144E006732A6 /* BlankieUITests.swift in Sources */,
			);
			runOnlyForDeploymentPostprocessing = 0;
		};
/* End PBXSourcesBuildPhase section */

/* Begin PBXTargetDependency section */
		EA43E7322504144E006732A6 /* PBXTargetDependency */ = {
			isa = PBXTargetDependency;
			target = EA43E7192504144B006732A6 /* Blankie */;
			targetProxy = EA43E7312504144E006732A6 /* PBXContainerItemProxy */;
		};
		EA43E73D2504144E006732A6 /* PBXTargetDependency */ = {
			isa = PBXTargetDependency;
			target = EA43E7192504144B006732A6 /* Blankie */;
			targetProxy = EA43E73C2504144E006732A6 /* PBXContainerItemProxy */;
		};
/* End PBXTargetDependency section */

/* Begin PBXVariantGroup section */
		EA43E7282504144E006732A6 /* LaunchScreen.storyboard */ = {
			isa = PBXVariantGroup;
			children = (
				EA43E7292504144E006732A6 /* Base */,
			);
			name = LaunchScreen.storyboard;
			sourceTree = "<group>";
		};
/* End PBXVariantGroup section */

/* Begin XCBuildConfiguration section */
		EA43E7422504144E006732A6 /* Debug */ = {
			isa = XCBuildConfiguration;
			buildSettings = {
				ALWAYS_SEARCH_USER_PATHS = NO;
				CLANG_ANALYZER_NONNULL = YES;
				CLANG_ANALYZER_NUMBER_OBJECT_CONVERSION = YES_AGGRESSIVE;
				CLANG_CXX_LANGUAGE_STANDARD = "gnu++14";
				CLANG_CXX_LIBRARY = "libc++";
				CLANG_ENABLE_MODULES = YES;
				CLANG_ENABLE_OBJC_ARC = YES;
				CLANG_ENABLE_OBJC_WEAK = YES;
				CLANG_WARN_BLOCK_CAPTURE_AUTORELEASING = YES;
				CLANG_WARN_BOOL_CONVERSION = YES;
				CLANG_WARN_COMMA = YES;
				CLANG_WARN_CONSTANT_CONVERSION = YES;
				CLANG_WARN_DEPRECATED_OBJC_IMPLEMENTATIONS = YES;
				CLANG_WARN_DIRECT_OBJC_ISA_USAGE = YES_ERROR;
				CLANG_WARN_DOCUMENTATION_COMMENTS = YES;
				CLANG_WARN_EMPTY_BODY = YES;
				CLANG_WARN_ENUM_CONVERSION = YES;
				CLANG_WARN_INFINITE_RECURSION = YES;
				CLANG_WARN_INT_CONVERSION = YES;
				CLANG_WARN_NON_LITERAL_NULL_CONVERSION = YES;
				CLANG_WARN_OBJC_IMPLICIT_RETAIN_SELF = YES;
				CLANG_WARN_OBJC_LITERAL_CONVERSION = YES;
				CLANG_WARN_OBJC_ROOT_CLASS = YES_ERROR;
				CLANG_WARN_RANGE_LOOP_ANALYSIS = YES;
				CLANG_WARN_STRICT_PROTOTYPES = YES;
				CLANG_WARN_SUSPICIOUS_MOVE = YES;
				CLANG_WARN_UNGUARDED_AVAILABILITY = YES_AGGRESSIVE;
				CLANG_WARN_UNREACHABLE_CODE = YES;
				CLANG_WARN__DUPLICATE_METHOD_MATCH = YES;
				COPY_PHASE_STRIP = NO;
				DEBUG_INFORMATION_FORMAT = dwarf;
				ENABLE_STRICT_OBJC_MSGSEND = YES;
				ENABLE_TESTABILITY = YES;
				GCC_C_LANGUAGE_STANDARD = gnu11;
				GCC_DYNAMIC_NO_PIC = NO;
				GCC_NO_COMMON_BLOCKS = YES;
				GCC_OPTIMIZATION_LEVEL = 0;
				GCC_PREPROCESSOR_DEFINITIONS = (
					"DEBUG=1",
					"$(inherited)",
				);
				GCC_WARN_64_TO_32_BIT_CONVERSION = YES;
				GCC_WARN_ABOUT_RETURN_TYPE = YES_ERROR;
				GCC_WARN_UNDECLARED_SELECTOR = YES;
				GCC_WARN_UNINITIALIZED_AUTOS = YES_AGGRESSIVE;
				GCC_WARN_UNUSED_FUNCTION = YES;
				GCC_WARN_UNUSED_VARIABLE = YES;
				IPHONEOS_DEPLOYMENT_TARGET = 13.7;
				MTL_ENABLE_DEBUG_INFO = INCLUDE_SOURCE;
				MTL_FAST_MATH = YES;
				ONLY_ACTIVE_ARCH = YES;
				SDKROOT = iphoneos;
				SWIFT_ACTIVE_COMPILATION_CONDITIONS = DEBUG;
				SWIFT_OPTIMIZATION_LEVEL = "-Onone";
			};
			name = Debug;
		};
		EA43E7432504144E006732A6 /* Release */ = {
			isa = XCBuildConfiguration;
			buildSettings = {
				ALWAYS_SEARCH_USER_PATHS = NO;
				CLANG_ANALYZER_NONNULL = YES;
				CLANG_ANALYZER_NUMBER_OBJECT_CONVERSION = YES_AGGRESSIVE;
				CLANG_CXX_LANGUAGE_STANDARD = "gnu++14";
				CLANG_CXX_LIBRARY = "libc++";
				CLANG_ENABLE_MODULES = YES;
				CLANG_ENABLE_OBJC_ARC = YES;
				CLANG_ENABLE_OBJC_WEAK = YES;
				CLANG_WARN_BLOCK_CAPTURE_AUTORELEASING = YES;
				CLANG_WARN_BOOL_CONVERSION = YES;
				CLANG_WARN_COMMA = YES;
				CLANG_WARN_CONSTANT_CONVERSION = YES;
				CLANG_WARN_DEPRECATED_OBJC_IMPLEMENTATIONS = YES;
				CLANG_WARN_DIRECT_OBJC_ISA_USAGE = YES_ERROR;
				CLANG_WARN_DOCUMENTATION_COMMENTS = YES;
				CLANG_WARN_EMPTY_BODY = YES;
				CLANG_WARN_ENUM_CONVERSION = YES;
				CLANG_WARN_INFINITE_RECURSION = YES;
				CLANG_WARN_INT_CONVERSION = YES;
				CLANG_WARN_NON_LITERAL_NULL_CONVERSION = YES;
				CLANG_WARN_OBJC_IMPLICIT_RETAIN_SELF = YES;
				CLANG_WARN_OBJC_LITERAL_CONVERSION = YES;
				CLANG_WARN_OBJC_ROOT_CLASS = YES_ERROR;
				CLANG_WARN_RANGE_LOOP_ANALYSIS = YES;
				CLANG_WARN_STRICT_PROTOTYPES = YES;
				CLANG_WARN_SUSPICIOUS_MOVE = YES;
				CLANG_WARN_UNGUARDED_AVAILABILITY = YES_AGGRESSIVE;
				CLANG_WARN_UNREACHABLE_CODE = YES;
				CLANG_WARN__DUPLICATE_METHOD_MATCH = YES;
				COPY_PHASE_STRIP = NO;
				DEBUG_INFORMATION_FORMAT = "dwarf-with-dsym";
				ENABLE_NS_ASSERTIONS = NO;
				ENABLE_STRICT_OBJC_MSGSEND = YES;
				GCC_C_LANGUAGE_STANDARD = gnu11;
				GCC_NO_COMMON_BLOCKS = YES;
				GCC_WARN_64_TO_32_BIT_CONVERSION = YES;
				GCC_WARN_ABOUT_RETURN_TYPE = YES_ERROR;
				GCC_WARN_UNDECLARED_SELECTOR = YES;
				GCC_WARN_UNINITIALIZED_AUTOS = YES_AGGRESSIVE;
				GCC_WARN_UNUSED_FUNCTION = YES;
				GCC_WARN_UNUSED_VARIABLE = YES;
				IPHONEOS_DEPLOYMENT_TARGET = 13.7;
				MTL_ENABLE_DEBUG_INFO = NO;
				MTL_FAST_MATH = YES;
				SDKROOT = iphoneos;
				SWIFT_COMPILATION_MODE = wholemodule;
				SWIFT_OPTIMIZATION_LEVEL = "-O";
				VALIDATE_PRODUCT = YES;
			};
			name = Release;
		};
		EA43E7452504144E006732A6 /* Debug */ = {
			isa = XCBuildConfiguration;
			buildSettings = {
				ASSETCATALOG_COMPILER_APPICON_NAME = AppIcon;
				CODE_SIGN_STYLE = Automatic;
				DEVELOPMENT_ASSET_PATHS = "\"Blankie/Preview Content\"";
				DEVELOPMENT_TEAM = 7GZ9WNZP3L;
				ENABLE_PREVIEWS = YES;
				INFOPLIST_FILE = Blankie/Info.plist;
				LD_RUNPATH_SEARCH_PATHS = (
					"$(inherited)",
					"@executable_path/Frameworks",
				);
				PRODUCT_BUNDLE_IDENTIFIER = io.ilie.Blankie;
				PRODUCT_NAME = "$(TARGET_NAME)";
				SWIFT_VERSION = 5.0;
				TARGETED_DEVICE_FAMILY = "1,2";
			};
			name = Debug;
		};
		EA43E7462504144E006732A6 /* Release */ = {
			isa = XCBuildConfiguration;
			buildSettings = {
				ASSETCATALOG_COMPILER_APPICON_NAME = AppIcon;
				CODE_SIGN_STYLE = Automatic;
				DEVELOPMENT_ASSET_PATHS = "\"Blankie/Preview Content\"";
				DEVELOPMENT_TEAM = 7GZ9WNZP3L;
				ENABLE_PREVIEWS = YES;
				INFOPLIST_FILE = Blankie/Info.plist;
				LD_RUNPATH_SEARCH_PATHS = (
					"$(inherited)",
					"@executable_path/Frameworks",
				);
				PRODUCT_BUNDLE_IDENTIFIER = io.ilie.Blankie;
				PRODUCT_NAME = "$(TARGET_NAME)";
				SWIFT_VERSION = 5.0;
				TARGETED_DEVICE_FAMILY = "1,2";
			};
			name = Release;
		};
		EA43E7482504144E006732A6 /* Debug */ = {
			isa = XCBuildConfiguration;
			buildSettings = {
				ALWAYS_EMBED_SWIFT_STANDARD_LIBRARIES = YES;
				BUNDLE_LOADER = "$(TEST_HOST)";
				CODE_SIGN_STYLE = Automatic;
				DEVELOPMENT_TEAM = 7GZ9WNZP3L;
				INFOPLIST_FILE = BlankieTests/Info.plist;
				IPHONEOS_DEPLOYMENT_TARGET = 13.7;
				LD_RUNPATH_SEARCH_PATHS = (
					"$(inherited)",
					"@executable_path/Frameworks",
					"@loader_path/Frameworks",
				);
				PRODUCT_BUNDLE_IDENTIFIER = io.ilie.BlankieTests;
				PRODUCT_NAME = "$(TARGET_NAME)";
				SWIFT_VERSION = 5.0;
				TARGETED_DEVICE_FAMILY = "1,2";
				TEST_HOST = "$(BUILT_PRODUCTS_DIR)/Blankie.app/Blankie";
			};
			name = Debug;
		};
		EA43E7492504144E006732A6 /* Release */ = {
			isa = XCBuildConfiguration;
			buildSettings = {
				ALWAYS_EMBED_SWIFT_STANDARD_LIBRARIES = YES;
				BUNDLE_LOADER = "$(TEST_HOST)";
				CODE_SIGN_STYLE = Automatic;
				DEVELOPMENT_TEAM = 7GZ9WNZP3L;
				INFOPLIST_FILE = BlankieTests/Info.plist;
				IPHONEOS_DEPLOYMENT_TARGET = 13.7;
				LD_RUNPATH_SEARCH_PATHS = (
					"$(inherited)",
					"@executable_path/Frameworks",
					"@loader_path/Frameworks",
				);
				PRODUCT_BUNDLE_IDENTIFIER = io.ilie.BlankieTests;
				PRODUCT_NAME = "$(TARGET_NAME)";
				SWIFT_VERSION = 5.0;
				TARGETED_DEVICE_FAMILY = "1,2";
				TEST_HOST = "$(BUILT_PRODUCTS_DIR)/Blankie.app/Blankie";
			};
			name = Release;
		};
		EA43E74B2504144E006732A6 /* Debug */ = {
			isa = XCBuildConfiguration;
			buildSettings = {
				ALWAYS_EMBED_SWIFT_STANDARD_LIBRARIES = YES;
				CODE_SIGN_STYLE = Automatic;
				DEVELOPMENT_TEAM = 7GZ9WNZP3L;
				INFOPLIST_FILE = BlankieUITests/Info.plist;
				LD_RUNPATH_SEARCH_PATHS = (
					"$(inherited)",
					"@executable_path/Frameworks",
					"@loader_path/Frameworks",
				);
				PRODUCT_BUNDLE_IDENTIFIER = io.ilie.BlankieUITests;
				PRODUCT_NAME = "$(TARGET_NAME)";
				SWIFT_VERSION = 5.0;
				TARGETED_DEVICE_FAMILY = "1,2";
				TEST_TARGET_NAME = Blankie;
			};
			name = Debug;
		};
		EA43E74C2504144E006732A6 /* Release */ = {
			isa = XCBuildConfiguration;
			buildSettings = {
				ALWAYS_EMBED_SWIFT_STANDARD_LIBRARIES = YES;
				CODE_SIGN_STYLE = Automatic;
				DEVELOPMENT_TEAM = 7GZ9WNZP3L;
				INFOPLIST_FILE = BlankieUITests/Info.plist;
				LD_RUNPATH_SEARCH_PATHS = (
					"$(inherited)",
					"@executable_path/Frameworks",
					"@loader_path/Frameworks",
				);
				PRODUCT_BUNDLE_IDENTIFIER = io.ilie.BlankieUITests;
				PRODUCT_NAME = "$(TARGET_NAME)";
				SWIFT_VERSION = 5.0;
				TARGETED_DEVICE_FAMILY = "1,2";
				TEST_TARGET_NAME = Blankie;
			};
			name = Release;
		};
/* End XCBuildConfiguration section */

/* Begin XCConfigurationList section */
		EA43E7152504144B006732A6 /* Build configuration list for PBXProject "Blankie" */ = {
			isa = XCConfigurationList;
			buildConfigurations = (
				EA43E7422504144E006732A6 /* Debug */,
				EA43E7432504144E006732A6 /* Release */,
			);
			defaultConfigurationIsVisible = 0;
			defaultConfigurationName = Release;
		};
		EA43E7442504144E006732A6 /* Build configuration list for PBXNativeTarget "Blankie" */ = {
			isa = XCConfigurationList;
			buildConfigurations = (
				EA43E7452504144E006732A6 /* Debug */,
				EA43E7462504144E006732A6 /* Release */,
			);
			defaultConfigurationIsVisible = 0;
			defaultConfigurationName = Release;
		};
		EA43E7472504144E006732A6 /* Build configuration list for PBXNativeTarget "BlankieTests" */ = {
			isa = XCConfigurationList;
			buildConfigurations = (
				EA43E7482504144E006732A6 /* Debug */,
				EA43E7492504144E006732A6 /* Release */,
			);
			defaultConfigurationIsVisible = 0;
			defaultConfigurationName = Release;
		};
		EA43E74A2504144E006732A6 /* Build configuration list for PBXNativeTarget "BlankieUITests" */ = {
			isa = XCConfigurationList;
			buildConfigurations = (
				EA43E74B2504144E006732A6 /* Debug */,
				EA43E74C2504144E006732A6 /* Release */,
			);
			defaultConfigurationIsVisible = 0;
			defaultConfigurationName = Release;
		};
/* End XCConfigurationList section */
	};
	rootObject = EA43E7122504144B006732A6 /* Project object */;
}
